
Microsoft Visual Studio Solution File, Format Version 12.00
# Visual Studio 14
VisualStudioVersion = 14.0.25420.1
MinimumVisualStudioVersion = 10.0.40219.1
Project("{8BC9CEB8-8B4A-11D0-8D11-00A0C91BC942}") = "struct", "struct\struct.vcxproj", "{7048CC71-0228-4AFB-A9C4-1F1D4FF0EBF6}"
EndProject
Project("{8BC9CEB8-8B4A-11D0-8D11-00A0C91BC942}") = "4-2", "4-2\4-2.vcxproj", "{286AC111-A3C9-4780-AA04-B74CFAA7662A}"
EndProject
Project("{8BC9CEB8-8B4A-11D0-8D11-00A0C91BC942}") = "4-3", "4-3\4-3.vcxproj", "{388DEAC9-65A4-4BD0-9C88-1858E481118D}"
EndProject
Project("{8BC9CEB8-8B4A-11D0-8D11-00A0C91BC942}") = "struct 2.5", "struct 2.5\struct 2.5.vcxproj", "{16B1DCBD-8159-48DF-959B-F81804F6A9C1}"
EndProject
Project("{8BC9CEB8-8B4A-11D0-8D11-00A0C91BC942}") = "5-1", "5-1\5-1.vcxproj", "{0C11A4A4-8738-4CD5-9456-ACD987B509BE}"
EndProject
Project("{8BC9CEB8-8B4A-11D0-8D11-00A0C91BC942}") = "5-2", "5-2\5-2.vcxproj", "{1BFF7168-BB47-479F-914A-12BED3F3382D}"
EndProject
Project("{8BC9CEB8-8B4A-11D0-8D11-00A0C91BC942}") = "5-3", "5-3\5-3.vcxproj", "{314C0E0E-F1D0-48FB-821A-00999BF5F87A}"
EndProject
Project("{8BC9CEB8-8B4A-11D0-8D11-00A0C91BC942}") = "5-4", "5-4\5-4.vcxproj", "{A4AC84BD-14E1-43FE-A451-CBA605A0DED5}"
EndProject
Project("{8BC9CEB8-8B4A-11D0-8D11-00A0C91BC942}") = "5-5", "5-5\5-5.vcxproj", "{F9B745E3-26B9-4A0D-8E43-E8FE64BFAE18}"
EndProject
Project("{8BC9CEB8-8B4A-11D0-8D11-00A0C91BC942}") = "5-6", "5-6\5-6.vcxproj", "{A59B2D0E-24CF-4CF5-AF65-86E0FEAB5A75}"
EndProject
Project("{8BC9CEB8-8B4A-11D0-8D11-00A0C91BC942}") = "6-1", "6-1\6-1.vcxproj", "{EDBDDD25-C012-45D4-8B0E-4C8FCD80B4D2}"
EndProject
Project("{8BC9CEB8-8B4A-11D0-8D11-00A0C91BC942}") = "6-2", "6-2\6-2.vcxproj", "{A3ED81C9-BA7E-4CC8-98A7-E596A0B5BED2}"
EndProject
Global
	GlobalSection(SolutionConfigurationPlatforms) = preSolution
		Debug|x64 = Debug|x64
		Debug|x86 = Debug|x86
		Release|x64 = Release|x64
		Release|x86 = Release|x86
	EndGlobalSection
	GlobalSection(ProjectConfigurationPlatforms) = postSolution
		{7048CC71-0228-4AFB-A9C4-1F1D4FF0EBF6}.Debug|x64.ActiveCfg = Debug|x64
		{7048CC71-0228-4AFB-A9C4-1F1D4FF0EBF6}.Debug|x64.Build.0 = Debug|x64
		{7048CC71-0228-4AFB-A9C4-1F1D4FF0EBF6}.Debug|x86.ActiveCfg = Debug|Win32
		{7048CC71-0228-4AFB-A9C4-1F1D4FF0EBF6}.Debug|x86.Build.0 = Debug|Win32
		{7048CC71-0228-4AFB-A9C4-1F1D4FF0EBF6}.Release|x64.ActiveCfg = Release|x64
		{7048CC71-0228-4AFB-A9C4-1F1D4FF0EBF6}.Release|x64.Build.0 = Release|x64
		{7048CC71-0228-4AFB-A9C4-1F1D4FF0EBF6}.Release|x86.ActiveCfg = Release|Win32
		{7048CC71-0228-4AFB-A9C4-1F1D4FF0EBF6}.Release|x86.Build.0 = Release|Win32
		{286AC111-A3C9-4780-AA04-B74CFAA7662A}.Debug|x64.ActiveCfg = Debug|x64
		{286AC111-A3C9-4780-AA04-B74CFAA7662A}.Debug|x64.Build.0 = Debug|x64
		{286AC111-A3C9-4780-AA04-B74CFAA7662A}.Debug|x86.ActiveCfg = Debug|Win32
		{286AC111-A3C9-4780-AA04-B74CFAA7662A}.Debug|x86.Build.0 = Debug|Win32
		{286AC111-A3C9-4780-AA04-B74CFAA7662A}.Release|x64.ActiveCfg = Release|x64
		{286AC111-A3C9-4780-AA04-B74CFAA7662A}.Release|x64.Build.0 = Release|x64
		{286AC111-A3C9-4780-AA04-B74CFAA7662A}.Release|x86.ActiveCfg = Release|Win32
		{286AC111-A3C9-4780-AA04-B74CFAA7662A}.Release|x86.Build.0 = Release|Win32
		{388DEAC9-65A4-4BD0-9C88-1858E481118D}.Debug|x64.ActiveCfg = Debug|x64
		{388DEAC9-65A4-4BD0-9C88-1858E481118D}.Debug|x64.Build.0 = Debug|x64
		{388DEAC9-65A4-4BD0-9C88-1858E481118D}.Debug|x86.ActiveCfg = Debug|Win32
		{388DEAC9-65A4-4BD0-9C88-1858E481118D}.Debug|x86.Build.0 = Debug|Win32
		{388DEAC9-65A4-4BD0-9C88-1858E481118D}.Release|x64.ActiveCfg = Release|x64
		{388DEAC9-65A4-4BD0-9C88-1858E481118D}.Release|x64.Build.0 = Release|x64
		{388DEAC9-65A4-4BD0-9C88-1858E481118D}.Release|x86.ActiveCfg = Release|Win32
		{388DEAC9-65A4-4BD0-9C88-1858E481118D}.Release|x86.Build.0 = Release|Win32
		{16B1DCBD-8159-48DF-959B-F81804F6A9C1}.Debug|x64.ActiveCfg = Debug|x64
		{16B1DCBD-8159-48DF-959B-F81804F6A9C1}.Debug|x64.Build.0 = Debug|x64
		{16B1DCBD-8159-48DF-959B-F81804F6A9C1}.Debug|x86.ActiveCfg = Debug|Win32
		{16B1DCBD-8159-48DF-959B-F81804F6A9C1}.Debug|x86.Build.0 = Debug|Win32
		{16B1DCBD-8159-48DF-959B-F81804F6A9C1}.Release|x64.ActiveCfg = Release|x64
		{16B1DCBD-8159-48DF-959B-F81804F6A9C1}.Release|x64.Build.0 = Release|x64
		{16B1DCBD-8159-48DF-959B-F81804F6A9C1}.Release|x86.ActiveCfg = Release|Win32
		{16B1DCBD-8159-48DF-959B-F81804F6A9C1}.Release|x86.Build.0 = Release|Win32
		{0C11A4A4-8738-4CD5-9456-ACD987B509BE}.Debug|x64.ActiveCfg = Debug|x64
		{0C11A4A4-8738-4CD5-9456-ACD987B509BE}.Debug|x64.Build.0 = Debug|x64
		{0C11A4A4-8738-4CD5-9456-ACD987B509BE}.Debug|x86.ActiveCfg = Debug|Win32
		{0C11A4A4-8738-4CD5-9456-ACD987B509BE}.Debug|x86.Build.0 = Debug|Win32
		{0C11A4A4-8738-4CD5-9456-ACD987B509BE}.Release|x64.ActiveCfg = Release|x64
		{0C11A4A4-8738-4CD5-9456-ACD987B509BE}.Release|x64.Build.0 = Release|x64
		{0C11A4A4-8738-4CD5-9456-ACD987B509BE}.Release|x86.ActiveCfg = Release|Win32
		{0C11A4A4-8738-4CD5-9456-ACD987B509BE}.Release|x86.Build.0 = Release|Win32
		{1BFF7168-BB47-479F-914A-12BED3F3382D}.Debug|x64.ActiveCfg = Debug|x64
		{1BFF7168-BB47-479F-914A-12BED3F3382D}.Debug|x64.Build.0 = Debug|x64
		{1BFF7168-BB47-479F-914A-12BED3F3382D}.Debug|x86.ActiveCfg = Debug|Win32
		{1BFF7168-BB47-479F-914A-12BED3F3382D}.Debug|x86.Build.0 = Debug|Win32
		{1BFF7168-BB47-479F-914A-12BED3F3382D}.Release|x64.ActiveCfg = Release|x64
		{1BFF7168-BB47-479F-914A-12BED3F3382D}.Release|x64.Build.0 = Release|x64
		{1BFF7168-BB47-479F-914A-12BED3F3382D}.Release|x86.ActiveCfg = Release|Win32
		{1BFF7168-BB47-479F-914A-12BED3F3382D}.Release|x86.Build.0 = Release|Win32
		{314C0E0E-F1D0-48FB-821A-00999BF5F87A}.Debug|x64.ActiveCfg = Debug|x64
		{314C0E0E-F1D0-48FB-821A-00999BF5F87A}.Debug|x64.Build.0 = Debug|x64
		{314C0E0E-F1D0-48FB-821A-00999BF5F87A}.Debug|x86.ActiveCfg = Debug|Win32
		{314C0E0E-F1D0-48FB-821A-00999BF5F87A}.Debug|x86.Build.0 = Debug|Win32
		{314C0E0E-F1D0-48FB-821A-00999BF5F87A}.Release|x64.ActiveCfg = Release|x64
		{314C0E0E-F1D0-48FB-821A-00999BF5F87A}.Release|x64.Build.0 = Release|x64
		{314C0E0E-F1D0-48FB-821A-00999BF5F87A}.Release|x86.ActiveCfg = Release|Win32
		{314C0E0E-F1D0-48FB-821A-00999BF5F87A}.Release|x86.Build.0 = Release|Win32
		{A4AC84BD-14E1-43FE-A451-CBA605A0DED5}.Debug|x64.ActiveCfg = Debug|x64
		{A4AC84BD-14E1-43FE-A451-CBA605A0DED5}.Debug|x64.Build.0 = Debug|x64
		{A4AC84BD-14E1-43FE-A451-CBA605A0DED5}.Debug|x86.ActiveCfg = Debug|Win32
		{A4AC84BD-14E1-43FE-A451-CBA605A0DED5}.Debug|x86.Build.0 = Debug|Win32
		{A4AC84BD-14E1-43FE-A451-CBA605A0DED5}.Release|x64.ActiveCfg = Release|x64
		{A4AC84BD-14E1-43FE-A451-CBA605A0DED5}.Release|x64.Build.0 = Release|x64
		{A4AC84BD-14E1-43FE-A451-CBA605A0DED5}.Release|x86.ActiveCfg = Release|Win32
		{A4AC84BD-14E1-43FE-A451-CBA605A0DED5}.Release|x86.Build.0 = Release|Win32
		{F9B745E3-26B9-4A0D-8E43-E8FE64BFAE18}.Debug|x64.ActiveCfg = Debug|x64
		{F9B745E3-26B9-4A0D-8E43-E8FE64BFAE18}.Debug|x64.Build.0 = Debug|x64
		{F9B745E3-26B9-4A0D-8E43-E8FE64BFAE18}.Debug|x86.ActiveCfg = Debug|Win32
		{F9B745E3-26B9-4A0D-8E43-E8FE64BFAE18}.Debug|x86.Build.0 = Debug|Win32
		{F9B745E3-26B9-4A0D-8E43-E8FE64BFAE18}.Release|x64.ActiveCfg = Release|x64
		{F9B745E3-26B9-4A0D-8E43-E8FE64BFAE18}.Release|x64.Build.0 = Release|x64
		{F9B745E3-26B9-4A0D-8E43-E8FE64BFAE18}.Release|x86.ActiveCfg = Release|Win32
		{F9B745E3-26B9-4A0D-8E43-E8FE64BFAE18}.Release|x86.Build.0 = Release|Win32
		{A59B2D0E-24CF-4CF5-AF65-86E0FEAB5A75}.Debug|x64.ActiveCfg = Debug|x64
		{A59B2D0E-24CF-4CF5-AF65-86E0FEAB5A75}.Debug|x64.Build.0 = Debug|x64
		{A59B2D0E-24CF-4CF5-AF65-86E0FEAB5A75}.Debug|x86.ActiveCfg = Debug|Win32
		{A59B2D0E-24CF-4CF5-AF65-86E0FEAB5A75}.Debug|x86.Build.0 = Debug|Win32
		{A59B2D0E-24CF-4CF5-AF65-86E0FEAB5A75}.Release|x64.ActiveCfg = Release|x64
		{A59B2D0E-24CF-4CF5-AF65-86E0FEAB5A75}.Release|x64.Build.0 = Release|x64
		{A59B2D0E-24CF-4CF5-AF65-86E0FEAB5A75}.Release|x86.ActiveCfg = Release|Win32
		{A59B2D0E-24CF-4CF5-AF65-86E0FEAB5A75}.Release|x86.Build.0 = Release|Win32
		{EDBDDD25-C012-45D4-8B0E-4C8FCD80B4D2}.Debug|x64.ActiveCfg = Debug|x64
		{EDBDDD25-C012-45D4-8B0E-4C8FCD80B4D2}.Debug|x64.Build.0 = Debug|x64
		{EDBDDD25-C012-45D4-8B0E-4C8FCD80B4D2}.Debug|x86.ActiveCfg = Debug|Win32
		{EDBDDD25-C012-45D4-8B0E-4C8FCD80B4D2}.Debug|x86.Build.0 = Debug|Win32
		{EDBDDD25-C012-45D4-8B0E-4C8FCD80B4D2}.Release|x64.ActiveCfg = Release|x64
		{EDBDDD25-C012-45D4-8B0E-4C8FCD80B4D2}.Release|x64.Build.0 = Release|x64
		{EDBDDD25-C012-45D4-8B0E-4C8FCD80B4D2}.Release|x86.ActiveCfg = Release|Win32
		{EDBDDD25-C012-45D4-8B0E-4C8FCD80B4D2}.Release|x86.Build.0 = Release|Win32
		{A3ED81C9-BA7E-4CC8-98A7-E596A0B5BED2}.Debug|x64.ActiveCfg = Debug|x64
		{A3ED81C9-BA7E-4CC8-98A7-E596A0B5BED2}.Debug|x64.Build.0 = Debug|x64
		{A3ED81C9-BA7E-4CC8-98A7-E596A0B5BED2}.Debug|x86.ActiveCfg = Debug|Win32
		{A3ED81C9-BA7E-4CC8-98A7-E596A0B5BED2}.Debug|x86.Build.0 = Debug|Win32
		{A3ED81C9-BA7E-4CC8-98A7-E596A0B5BED2}.Release|x64.ActiveCfg = Release|x64
		{A3ED81C9-BA7E-4CC8-98A7-E596A0B5BED2}.Release|x64.Build.0 = Release|x64
		{A3ED81C9-BA7E-4CC8-98A7-E596A0B5BED2}.Release|x86.ActiveCfg = Release|Win32
		{A3ED81C9-BA7E-4CC8-98A7-E596A0B5BED2}.Release|x86.Build.0 = Release|Win32
	EndGlobalSection
	GlobalSection(SolutionProperties) = preSolution
		HideSolutionNode = FALSE
	EndGlobalSection
EndGlobal
